
Microsoft Visual Studio Solution File, Format Version 12.00
# Visual Studio Version 16
VisualStudioVersion = 16.0.28803.352
MinimumVisualStudioVersion = 10.0.40219.1
Project("{9A19103F-16F7-4668-BE54-9A1E7A4F7556}") = "WeWaiter", "WeWaiter\WeWaiter.csproj", "{06FF35DF-F042-4168-8C66-54B511521CA9}"
EndProject
Project("{FAE04EC0-301F-11D3-BF4B-00C04F79EFBC}") = "WeWaiter.Manager", "Manager\WeWaiter.Manager.csproj", "{EC3A3D45-8AA9-4A8E-9979-8E83491C221D}"
EndProject
Global
	GlobalSection(SolutionConfigurationPlatforms) = preSolution
		Debug|Any CPU = Debug|Any CPU
		Release|Any CPU = Release|Any CPU
	EndGlobalSection
	GlobalSection(ProjectConfigurationPlatforms) = postSolution
		{06FF35DF-F042-4168-8C66-54B511521CA9}.Debug|Any CPU.ActiveCfg = Debug|Any CPU
		{06FF35DF-F042-4168-8C66-54B511521CA9}.Debug|Any CPU.Build.0 = Debug|Any CPU
		{06FF35DF-F042-4168-8C66-54B511521CA9}.Release|Any CPU.ActiveCfg = Release|Any CPU
		{06FF35DF-F042-4168-8C66-54B511521CA9}.Release|Any CPU.Build.0 = Release|Any CPU
		{EC3A3D45-8AA9-4A8E-9979-8E83491C221D}.Debug|Any CPU.ActiveCfg = Debug|Any CPU
		{EC3A3D45-8AA9-4A8E-9979-8E83491C221D}.Debug|Any CPU.Build.0 = Debug|Any CPU
		{EC3A3D45-8AA9-4A8E-9979-8E83491C221D}.Release|Any CPU.ActiveCfg = Release|Any CPU
		{EC3A3D45-8AA9-4A8E-9979-8E83491C221D}.Release|Any CPU.Build.0 = Release|Any CPU
	EndGlobalSection
	GlobalSection(SolutionProperties) = preSolution
		HideSolutionNode = FALSE
	EndGlobalSection
	GlobalSection(ExtensibilityGlobals) = postSolution
		SolutionGuid = {07460E75-AAC1-4C23-ACEB-C2C33D49443F}
	EndGlobalSection
EndGlobal
